{
  "version": 4,
  "terraform_version": "1.10.4",
  "serial": 5,
  "lineage": "aece0d1c-5712-97bd-78b4-e0834eac71ee",
  "outputs": {},
  "resources": [
    {
      "mode": "managed",
      "type": "proxmox_vm_qemu",
      "name": "my_vm",
      "provider": "provider[\"registry.terraform.io/telmate/proxmox\"]",
      "instances": [
        {
          "status": "tainted",
          "schema_version": 0,
          "attributes": {
            "additional_wait": 15,
            "agent": 0,
            "args": null,
            "balloon": 0,
            "bios": "seabios",
            "boot": "cdn",
            "bootdisk": null,
            "bridge": null,
            "ci_wait": null,
            "cicustom": null,
            "cipassword": null,
            "ciuser": null,
            "clone": "debian12.5",
            "clone_wait": 15,
            "cloudinit_cdrom_storage": null,
            "cores": 2,
            "cpu": "host",
            "default_ipv4_address": null,
            "define_connection_info": true,
            "desc": null,
            "disk": [],
            "disk_gb": null,
            "force_create": false,
            "force_recreate_on_change_of": null,
            "full_clone": true,
            "guest_agent_ready_timeout": 600,
            "hastate": null,
            "hotplug": "network,disk,usb",
            "id": "aurelio/qemu/102",
            "ipconfig0": null,
            "ipconfig1": null,
            "ipconfig2": null,
            "iso": null,
            "kvm": true,
            "mac": null,
            "memory": 2048,
            "name": "my-vm",
            "nameserver": null,
            "network": [],
            "nic": null,
            "numa": false,
            "onboot": true,
            "os_network_config": null,
            "os_type": null,
            "pool": null,
            "preprovision": true,
            "qemu_os": null,
            "reboot_required": null,
            "scsihw": null,
            "searchdomain": null,
            "serial": [],
            "sockets": 1,
            "ssh_forward_ip": null,
            "ssh_host": null,
            "ssh_port": null,
            "ssh_private_key": null,
            "ssh_user": null,
            "sshkeys": null,
            "storage": null,
            "storage_type": null,
            "tags": null,
            "target_node": "aurelio",
            "unused_disk": null,
            "vcpus": 0,
            "vga": [],
            "vlan": -1,
            "vmid": null
          },
          "sensitive_attributes": [
            [
              {
                "type": "get_attr",
                "value": "ssh_private_key"
              }
            ],
            [
              {
                "type": "get_attr",
                "value": "cipassword"
              }
            ]
          ],
          "private": "bnVsbA=="
        }
      ]
    }
  ],
  "check_results": null
}
